<?xml version="1.0" encoding="utf-8"?>
<Project ToolsVersion="4.0" xmlns="http://schemas.microsoft.com/developer/msbuild/2003">
  <ItemGroup>
    <Filter Include="src">
      <UniqueIdentifier>{83b99a06-f666-4ac1-83ba-1a4744bb4266}</UniqueIdentifier>
    </Filter>
    <Filter Include="src\GUI">
      <UniqueIdentifier>{22e2d4f3-1324-461a-81b7-98ddc78b3423}</UniqueIdentifier>
    </Filter>
    <Filter Include="src\Scenes">
      <UniqueIdentifier>{77ac8d31-cdbc-409f-b41f-bd8a2c211b53}</UniqueIdentifier>
    </Filter>

    <Filter Include="Assets">
      <UniqueIdentifier>{15e7e3e7-afe6-443c-8cab-81753482a968}</UniqueIdentifier>
    </Filter>
    <Filter Include="src\Entities">
      <UniqueIdentifier>{c0723f7e-7b27-4664-8a23-d6503b2e7a21}</UniqueIdentifier>

    <Filter Include="src\level_editor">
      <UniqueIdentifier>{8b8cf815-eada-43ed-8cb2-af3f81c31d3e}</UniqueIdentifier>
    </Filter>
    <Filter Include="external_headers">
      <UniqueIdentifier>{2306bf76-0461-424b-8b90-88691e59c9e6}</UniqueIdentifier>
    </Filter>
    <Filter Include="src\assets">
      <UniqueIdentifier>{502729fd-96e9-4020-9594-e7826740cae6}</UniqueIdentifier>
    </Filter>
    <Filter Include="src\assets\tiles">
      <UniqueIdentifier>{4ba4543d-9dae-43f2-b49f-5b9c2ad066f9}</UniqueIdentifier>

    </Filter>
  </ItemGroup>
  <ItemGroup>
    <ClCompile Include="src\papaya.cpp">
      <Filter>src</Filter>
    </ClCompile>

    <ClCompile Include="src\Scenes\scene_test_room.h">
      <Filter>src\Scenes</Filter>

    <ClCompile Include="src\external_headers\tinyfiledialogs.cpp">
      <Filter>external_headers</Filter>

    </ClCompile>
  </ItemGroup>
  <ItemGroup>
    <ClInclude Include="src\GUI\GUI_raylib.hpp">
      <Filter>src\GUI</Filter>
    </ClInclude>
    <ClInclude Include="src\Scenes\MainMenu.hpp">
      <Filter>src\Scenes</Filter>
    </ClInclude>
    <ClInclude Include="src\Scenes\Test.hpp">
      <Filter>src\Scenes</Filter>
    </ClInclude>
    <ClInclude Include="src\Scenes\scene_functions.hpp">
      <Filter>src\Scenes</Filter>
    </ClInclude>
    <ClInclude Include="src\level_editor\scene_level_editor.hpp">
      <Filter>src\level_editor</Filter>
    </ClInclude>
    <ClInclude Include="src\level_editor\functions_level_editor.hpp">
      <Filter>src\level_editor</Filter>
    </ClInclude>
    <ClInclude Include="src\external_headers\json.hpp">
      <Filter>external_headers</Filter>
    </ClInclude>
    <ClInclude Include="src\external_headers\tinyfiledialogs.hpp">
      <Filter>external_headers</Filter>
    </ClInclude>
    <ClInclude Include="src\Scenes\main_menu.hpp">
      <Filter>src\Scenes</Filter>
    </ClInclude>
    <ClInclude Include="src\Entities\Entity.h">
      <Filter>src\Entities</Filter>
    </ClInclude>
    <ClInclude Include="src\Entities\Player.h">
      <Filter>src\Entities</Filter>
    </ClInclude>
    <ClInclude Include="src\Entities\Wall.h">
      <Filter>src\Entities</Filter>
    </ClInclude>
    <ClInclude Include="src\Entities\Dummy.h">
      <Filter>src\Entities</Filter>
    </ClInclude>
    <ClInclude Include="src\Entities\Enemy.h">
      <Filter>src\Entities</Filter>
    </ClInclude>
  </ItemGroup>
  <ItemGroup>
    <Image Include="assets\player.png">
      <Filter>Assets</Filter>
    </Image>
    <Image Include="assets\slash.png">
      <Filter>Assets</Filter>
    </Image>
  </ItemGroup>
  <ItemGroup>
    <Image Include="assets\textures\texture_atlas_v3.png">
      <Filter>src\assets\tiles</Filter>
    </Image>
  </ItemGroup>
</Project>