<?xml version="1.0" encoding="utf-8"?>
<Project ToolsVersion="4.0" xmlns="http://schemas.microsoft.com/developer/msbuild/2003">
  <ItemGroup>
    <Filter Include="Resource Files">
      <UniqueIdentifier>{67DA6AB6-F800-4c08-8B7A-83BB121AAD01}</UniqueIdentifier>
      <Extensions>rc;ico;cur;bmp;dlg;rc2;rct;bin;rgs;gif;jpg;jpeg;jpe;resx;tiff;tif;png;wav;mfcribbon-ms</Extensions>
    </Filter>
    <Filter Include="src">
      <UniqueIdentifier>{83b99a06-f666-4ac1-83ba-1a4744bb4266}</UniqueIdentifier>
    </Filter>
    <Filter Include="src\GUI">
      <UniqueIdentifier>{22e2d4f3-1324-461a-81b7-98ddc78b3423}</UniqueIdentifier>
    </Filter>
    <Filter Include="src\Scenes">
      <UniqueIdentifier>{77ac8d31-cdbc-409f-b41f-bd8a2c211b53}</UniqueIdentifier>
    </Filter>
    <Filter Include="src\level_editor">
      <UniqueIdentifier>{8b8cf815-eada-43ed-8cb2-af3f81c31d3e}</UniqueIdentifier>
    </Filter>
    <Filter Include="external_headers">
      <UniqueIdentifier>{2306bf76-0461-424b-8b90-88691e59c9e6}</UniqueIdentifier>
    </Filter>
    <Filter Include="src\GUI\textures">
      <UniqueIdentifier>{f4dbad20-bb50-4546-97d9-e54e4e0bd827}</UniqueIdentifier>
    </Filter>
  </ItemGroup>
  <ItemGroup>
    <ClCompile Include="src\papaya.cpp">
      <Filter>src</Filter>
    </ClCompile>
    <ClCompile Include="src\external_headers\tinyfiledialogs.cpp">
      <Filter>external_headers</Filter>
    </ClCompile>
  </ItemGroup>
  <ItemGroup>
    <ClInclude Include="src\GUI\GUI_raylib.hpp">
      <Filter>src\GUI</Filter>
    </ClInclude>
    <ClInclude Include="src\Scenes\MainMenu.hpp">
      <Filter>src\Scenes</Filter>
    </ClInclude>
    <ClInclude Include="src\Scenes\Test.hpp">
      <Filter>src\Scenes</Filter>
    </ClInclude>
    <ClInclude Include="src\Scenes\scene_functions.hpp">
      <Filter>src\Scenes</Filter>
    </ClInclude>
    <ClInclude Include="src\level_editor\scene_level_editor.hpp">
      <Filter>src\level_editor</Filter>
    </ClInclude>
    <ClInclude Include="src\level_editor\functions_level_editor.hpp">
      <Filter>src\level_editor</Filter>
    </ClInclude>
    <ClInclude Include="src\external_headers\json.hpp">
      <Filter>external_headers</Filter>
    </ClInclude>
    <ClInclude Include="src\external_headers\tinyfiledialogs.hpp">
      <Filter>external_headers</Filter>
    </ClInclude>
  </ItemGroup>
</Project>